
Microsoft Visual Studio Solution File, Format Version 12.00
# Visual Studio Version 16
VisualStudioVersion = 16.6.30114.105
MinimumVisualStudioVersion = 10.0.40219.1
Project("{9A19103F-16F7-4668-BE54-9A1E7A4F7556}") = "CreditCardApplications", "CreditCardApplications\CreditCardApplications.csproj", "{9BCEC3E8-96CB-4DF4-BD86-76E19E392F57}"
EndProject
Project("{FAE04EC0-301F-11D3-BF4B-00C04F79EFBC}") = "CreditCardApplications.Tests", "CreditCardApplications.Tests\CreditCardApplications.Tests.csproj", "{01EA51EA-6454-4348-B394-71B4FFF8E062}"
EndProject
Global
	GlobalSection(SolutionConfigurationPlatforms) = preSolution
		Debug|Any CPU = Debug|Any CPU
		Debug|x64 = Debug|x64
		Debug|x86 = Debug|x86
		Release|Any CPU = Release|Any CPU
		Release|x64 = Release|x64
		Release|x86 = Release|x86
	EndGlobalSection
	GlobalSection(ProjectConfigurationPlatforms) = postSolution
		{9BCEC3E8-96CB-4DF4-BD86-76E19E392F57}.Debug|Any CPU.ActiveCfg = Debug|Any CPU
		{9BCEC3E8-96CB-4DF4-BD86-76E19E392F57}.Debug|Any CPU.Build.0 = Debug|Any CPU
		{9BCEC3E8-96CB-4DF4-BD86-76E19E392F57}.Debug|x64.ActiveCfg = Debug|Any CPU
		{9BCEC3E8-96CB-4DF4-BD86-76E19E392F57}.Debug|x64.Build.0 = Debug|Any CPU
		{9BCEC3E8-96CB-4DF4-BD86-76E19E392F57}.Debug|x86.ActiveCfg = Debug|Any CPU
		{9BCEC3E8-96CB-4DF4-BD86-76E19E392F57}.Debug|x86.Build.0 = Debug|Any CPU
		{9BCEC3E8-96CB-4DF4-BD86-76E19E392F57}.Release|Any CPU.ActiveCfg = Release|Any CPU
		{9BCEC3E8-96CB-4DF4-BD86-76E19E392F57}.Release|Any CPU.Build.0 = Release|Any CPU
		{9BCEC3E8-96CB-4DF4-BD86-76E19E392F57}.Release|x64.ActiveCfg = Release|Any CPU
		{9BCEC3E8-96CB-4DF4-BD86-76E19E392F57}.Release|x64.Build.0 = Release|Any CPU
		{9BCEC3E8-96CB-4DF4-BD86-76E19E392F57}.Release|x86.ActiveCfg = Release|Any CPU
		{9BCEC3E8-96CB-4DF4-BD86-76E19E392F57}.Release|x86.Build.0 = Release|Any CPU
		{01EA51EA-6454-4348-B394-71B4FFF8E062}.Debug|Any CPU.ActiveCfg = Debug|Any CPU
		{01EA51EA-6454-4348-B394-71B4FFF8E062}.Debug|Any CPU.Build.0 = Debug|Any CPU
		{01EA51EA-6454-4348-B394-71B4FFF8E062}.Debug|x64.ActiveCfg = Debug|Any CPU
		{01EA51EA-6454-4348-B394-71B4FFF8E062}.Debug|x64.Build.0 = Debug|Any CPU
		{01EA51EA-6454-4348-B394-71B4FFF8E062}.Debug|x86.ActiveCfg = Debug|Any CPU
		{01EA51EA-6454-4348-B394-71B4FFF8E062}.Debug|x86.Build.0 = Debug|Any CPU
		{01EA51EA-6454-4348-B394-71B4FFF8E062}.Release|Any CPU.ActiveCfg = Release|Any CPU
		{01EA51EA-6454-4348-B394-71B4FFF8E062}.Release|Any CPU.Build.0 = Release|Any CPU
		{01EA51EA-6454-4348-B394-71B4FFF8E062}.Release|x64.ActiveCfg = Release|Any CPU
		{01EA51EA-6454-4348-B394-71B4FFF8E062}.Release|x64.Build.0 = Release|Any CPU
		{01EA51EA-6454-4348-B394-71B4FFF8E062}.Release|x86.ActiveCfg = Release|Any CPU
		{01EA51EA-6454-4348-B394-71B4FFF8E062}.Release|x86.Build.0 = Release|Any CPU
	EndGlobalSection
	GlobalSection(SolutionProperties) = preSolution
		HideSolutionNode = FALSE
	EndGlobalSection
	GlobalSection(ExtensibilityGlobals) = postSolution
		SolutionGuid = {722A448C-4212-4626-B0B4-47084FFDF562}
	EndGlobalSection
EndGlobal
